
Microsoft Visual Studio Solution File, Format Version 12.00
# Visual Studio 14
VisualStudioVersion = 14.0.25420.1
MinimumVisualStudioVersion = 10.0.40219.1
Project("{FAE04EC0-301F-11D3-BF4B-00C04F79EFBC}") = "WebApplication1", "WebApplication1\WebApplication1.csproj", "{CBE2A13E-1E62-4C31-98A2-7EFF46922F3B}"
EndProject
Project("{FAE04EC0-301F-11D3-BF4B-00C04F79EFBC}") = "Entity Data Access Model", "ClassLibrary1\Entity Data Access Model.csproj", "{E5A68278-DF12-425B-939A-48F197E3216C}"
EndProject
Project("{FAE04EC0-301F-11D3-BF4B-00C04F79EFBC}") = "ConsumeWebApi", "ConsumeWebApi\ConsumeWebApi.csproj", "{17C6A895-0779-4C3D-8085-5A3518F7471F}"
EndProject
Global
	GlobalSection(SolutionConfigurationPlatforms) = preSolution
		Debug|Any CPU = Debug|Any CPU
		Release|Any CPU = Release|Any CPU
	EndGlobalSection
	GlobalSection(ProjectConfigurationPlatforms) = postSolution
		{CBE2A13E-1E62-4C31-98A2-7EFF46922F3B}.Debug|Any CPU.ActiveCfg = Debug|Any CPU
		{CBE2A13E-1E62-4C31-98A2-7EFF46922F3B}.Debug|Any CPU.Build.0 = Debug|Any CPU
		{CBE2A13E-1E62-4C31-98A2-7EFF46922F3B}.Release|Any CPU.ActiveCfg = Release|Any CPU
		{CBE2A13E-1E62-4C31-98A2-7EFF46922F3B}.Release|Any CPU.Build.0 = Release|Any CPU
		{E5A68278-DF12-425B-939A-48F197E3216C}.Debug|Any CPU.ActiveCfg = Debug|Any CPU
		{E5A68278-DF12-425B-939A-48F197E3216C}.Debug|Any CPU.Build.0 = Debug|Any CPU
		{E5A68278-DF12-425B-939A-48F197E3216C}.Release|Any CPU.ActiveCfg = Release|Any CPU
		{E5A68278-DF12-425B-939A-48F197E3216C}.Release|Any CPU.Build.0 = Release|Any CPU
		{17C6A895-0779-4C3D-8085-5A3518F7471F}.Debug|Any CPU.ActiveCfg = Debug|Any CPU
		{17C6A895-0779-4C3D-8085-5A3518F7471F}.Debug|Any CPU.Build.0 = Debug|Any CPU
		{17C6A895-0779-4C3D-8085-5A3518F7471F}.Release|Any CPU.ActiveCfg = Release|Any CPU
		{17C6A895-0779-4C3D-8085-5A3518F7471F}.Release|Any CPU.Build.0 = Release|Any CPU
	EndGlobalSection
	GlobalSection(SolutionProperties) = preSolution
		HideSolutionNode = FALSE
	EndGlobalSection
EndGlobal
